<?xml version="1.0" encoding="UTF-8" standalone="yes" ?>
<CodeBlocks_project_file>
	<FileVersion major="1" minor="6" />
	<Project>
		<Option title="file_read_old" />
		<Option pch_mode="2" />
		<Option compiler="gcc" />
		<Build>
			<Target title="Release">
				<Option output="bin/Release/file_read_old" prefix_auto="1" extension_auto="1" />
				<Option object_output="obj/Release/" />
				<Option type="1" />
				<Option compiler="gcc" />
				<Compiler>
					<Add option="-O2" />
					<Add option="-std=c++0x" />
				</Compiler>
				<Linker>
					<Add option="-s" />
				</Linker>
			</Target>
		</Build>
		<Compiler>
			<Add option="-Wall" />
			<Add option="-fexceptions" />
		</Compiler>
		<Unit filename="../../libuhs/ChunkReader.cpp" />
		<Unit filename="../../libuhs/ChunkReader.hpp" />
		<Unit filename="../../libuhs/chunks/BasicChunk.cpp" />
		<Unit filename="../../libuhs/chunks/BasicChunk.hpp" />
		<Unit filename="../../libuhs/chunks/HintChunk.cpp" />
		<Unit filename="../../libuhs/chunks/HintChunk.hpp" />
		<Unit filename="../../libuhs/chunks/HyperPNGChunk.cpp" />
		<Unit filename="../../libuhs/chunks/HyperPNGChunk.hpp" />
		<Unit filename="../../libuhs/chunks/InfoChunk.cpp" />
		<Unit filename="../../libuhs/chunks/InfoChunk.hpp" />
		<Unit filename="../../libuhs/chunks/LinkChunk.cpp" />
		<Unit filename="../../libuhs/chunks/LinkChunk.hpp" />
		<Unit filename="../../libuhs/chunks/NestHintChunk.cpp" />
		<Unit filename="../../libuhs/chunks/NestHintChunk.hpp" />
		<Unit filename="../../libuhs/chunks/SubjectChunk.cpp" />
		<Unit filename="../../libuhs/chunks/SubjectChunk.hpp" />
		<Unit filename="../../libuhs/chunks/TextChunk.cpp" />
		<Unit filename="../../libuhs/chunks/TextChunk.hpp" />
		<Unit filename="../../libuhs/chunks/VersionChunk.cpp" />
		<Unit filename="../../libuhs/chunks/VersionChunk.hpp" />
		<Unit filename="../../libuhs/decryption.cpp" />
		<Unit filename="../../libuhs/decryption.hpp" />
		<Unit filename="../../libuhs/file.cpp" />
		<Unit filename="../../libuhs/file.hpp" />
		<Unit filename="../../libuhs/utility.cpp" />
		<Unit filename="../../libuhs/utility.hpp" />
		<Unit filename="main.cpp" />
		<Extensions>
			<code_completion />
			<envvars />
			<debugger />
			<lib_finder disable_auto="1" />
		</Extensions>
	</Project>
</CodeBlocks_project_file>
